
Microsoft Visual Studio Solution File, Format Version 12.00
# Visual Studio Version 17
VisualStudioVersion = 17.5.33516.290
MinimumVisualStudioVersion = 10.0.40219.1
Project("{FAE04EC0-301F-11D3-BF4B-00C04F79EFBC}") = "ATM app", "ATM app\ATM app.csproj", "{D34ABC54-CF2F-4DF7-B47F-78AA4C3A1E64}"
EndProject
Project("{FAE04EC0-301F-11D3-BF4B-00C04F79EFBC}") = "ATM library", "ATM library\ATM library.csproj", "{901182BC-9E08-4151-9693-D131B385F06E}"
EndProject
Global
	GlobalSection(SolutionConfigurationPlatforms) = preSolution
		Debug|Any CPU = Debug|Any CPU
		Release|Any CPU = Release|Any CPU
	EndGlobalSection
	GlobalSection(ProjectConfigurationPlatforms) = postSolution
		{D34ABC54-CF2F-4DF7-B47F-78AA4C3A1E64}.Debug|Any CPU.ActiveCfg = Debug|Any CPU
		{D34ABC54-CF2F-4DF7-B47F-78AA4C3A1E64}.Debug|Any CPU.Build.0 = Debug|Any CPU
		{D34ABC54-CF2F-4DF7-B47F-78AA4C3A1E64}.Release|Any CPU.ActiveCfg = Release|Any CPU
		{D34ABC54-CF2F-4DF7-B47F-78AA4C3A1E64}.Release|Any CPU.Build.0 = Release|Any CPU
		{901182BC-9E08-4151-9693-D131B385F06E}.Debug|Any CPU.ActiveCfg = Debug|Any CPU
		{901182BC-9E08-4151-9693-D131B385F06E}.Debug|Any CPU.Build.0 = Debug|Any CPU
		{901182BC-9E08-4151-9693-D131B385F06E}.Release|Any CPU.ActiveCfg = Release|Any CPU
		{901182BC-9E08-4151-9693-D131B385F06E}.Release|Any CPU.Build.0 = Release|Any CPU
	EndGlobalSection
	GlobalSection(SolutionProperties) = preSolution
		HideSolutionNode = FALSE
	EndGlobalSection
	GlobalSection(ExtensibilityGlobals) = postSolution
		SolutionGuid = {5320E16A-9480-4E35-894E-B3DA8405E22F}
	EndGlobalSection
EndGlobal
